// !$*UTF8*$!
{
	archiveVersion = 1;
	classes = {
	};
	objectVersion = 48;
	objects = {

/* Begin PBXBuildFile section */
		9A497DFB1F00427800C238A3 /* AppDelegate.swift in Sources */ = {isa = PBXBuildFile; fileRef = 9A497DFA1F00427800C238A3 /* AppDelegate.swift */; };
		9A497DFD1F00427800C238A3 /* MainViewController.swift in Sources */ = {isa = PBXBuildFile; fileRef = 9A497DFC1F00427800C238A3 /* MainViewController.swift */; };
		9A497E001F00427800C238A3 /* Main.storyboard in Resources */ = {isa = PBXBuildFile; fileRef = 9A497DFE1F00427800C238A3 /* Main.storyboard */; };
		9A497E021F00427800C238A3 /* Assets.xcassets in Resources */ = {isa = PBXBuildFile; fileRef = 9A497E011F00427800C238A3 /* Assets.xcassets */; };
		9A497E051F00427800C238A3 /* LaunchScreen.storyboard in Resources */ = {isa = PBXBuildFile; fileRef = 9A497E031F00427800C238A3 /* LaunchScreen.storyboard */; };
		9A5A36E61F07D86200835181 /* Camera.swift in Sources */ = {isa = PBXBuildFile; fileRef = 9A5A36E51F07D86200835181 /* Camera.swift */; };
		9A74477F1F05D5DA00B9CE15 /* CombineChannelsFilter.swift in Sources */ = {isa = PBXBuildFile; fileRef = 9A74477E1F05D5DA00B9CE15 /* CombineChannelsFilter.swift */; };
/* End PBXBuildFile section */

/* Begin PBXFileReference section */
		9A497DF71F00427800C238A3 /* Stereoscope.app */ = {isa = PBXFileReference; explicitFileType = wrapper.application; includeInIndex = 0; path = Stereoscope.app; sourceTree = BUILT_PRODUCTS_DIR; };
		9A497DFA1F00427800C238A3 /* AppDelegate.swift */ = {isa = PBXFileReference; lastKnownFileType = sourcecode.swift; path = AppDelegate.swift; sourceTree = "<group>"; };
		9A497DFC1F00427800C238A3 /* MainViewController.swift */ = {isa = PBXFileReference; lastKnownFileType = sourcecode.swift; path = MainViewController.swift; sourceTree = "<group>"; };
		9A497DFF1F00427800C238A3 /* Base */ = {isa = PBXFileReference; lastKnownFileType = file.storyboard; name = Base; path = Base.lproj/Main.storyboard; sourceTree = "<group>"; };
		9A497E011F00427800C238A3 /* Assets.xcassets */ = {isa = PBXFileReference; lastKnownFileType = folder.assetcatalog; path = Assets.xcassets; sourceTree = "<group>"; };
		9A497E041F00427800C238A3 /* Base */ = {isa = PBXFileReference; lastKnownFileType = file.storyboard; name = Base; path = Base.lproj/LaunchScreen.storyboard; sourceTree = "<group>"; };
		9A497E061F00427800C238A3 /* Info.plist */ = {isa = PBXFileReference; lastKnownFileType = text.plist.xml; path = Info.plist; sourceTree = "<group>"; };
		9A5A36E51F07D86200835181 /* Camera.swift */ = {isa = PBXFileReference; fileEncoding = 4; lastKnownFileType = sourcecode.swift; path = Camera.swift; sourceTree = "<group>"; };
		9A74477E1F05D5DA00B9CE15 /* CombineChannelsFilter.swift */ = {isa = PBXFileReference; lastKnownFileType = sourcecode.swift; path = CombineChannelsFilter.swift; sourceTree = "<group>"; };
/* End PBXFileReference section */

/* Begin PBXFrameworksBuildPhase section */
		9A497DF41F00427800C238A3 /* Frameworks */ = {
			isa = PBXFrameworksBuildPhase;
			buildActionMask = 2147483647;
			files = (
			);
			runOnlyForDeploymentPostprocessing = 0;
		};
/* End PBXFrameworksBuildPhase section */

/* Begin PBXGroup section */
		9A497DEE1F00427800C238A3 = {
			isa = PBXGroup;
			children = (
				9A497DF91F00427800C238A3 /* Stereoscope */,
				9A497DF81F00427800C238A3 /* Products */,
			);
			sourceTree = "<group>";
		};
		9A497DF81F00427800C238A3 /* Products */ = {
			isa = PBXGroup;
			children = (
				9A497DF71F00427800C238A3 /* Stereoscope.app */,
			);
			name = Products;
			sourceTree = "<group>";
		};
		9A497DF91F00427800C238A3 /* Stereoscope */ = {
			isa = PBXGroup;
			children = (
				9A497DFA1F00427800C238A3 /* AppDelegate.swift */,
				9A5A36E51F07D86200835181 /* Camera.swift */,
				9A497DFC1F00427800C238A3 /* MainViewController.swift */,
				9A497DFE1F00427800C238A3 /* Main.storyboard */,
				9A497E011F00427800C238A3 /* Assets.xcassets */,
				9A497E031F00427800C238A3 /* LaunchScreen.storyboard */,
				9A497E061F00427800C238A3 /* Info.plist */,
				9A74477E1F05D5DA00B9CE15 /* CombineChannelsFilter.swift */,
			);
			path = Stereoscope;
			sourceTree = "<group>";
		};
/* End PBXGroup section */

/* Begin PBXNativeTarget section */
		9A497DF61F00427800C238A3 /* Stereoscope */ = {
			isa = PBXNativeTarget;
			buildConfigurationList = 9A497E091F00427800C238A3 /* Build configuration list for PBXNativeTarget "Stereoscope" */;
			buildPhases = (
				9A497DF31F00427800C238A3 /* Sources */,
				9A497DF41F00427800C238A3 /* Frameworks */,
				9A497DF51F00427800C238A3 /* Resources */,
			);
			buildRules = (
			);
			dependencies = (
			);
			name = Stereoscope;
			productName = Stereoscope;
			productReference = 9A497DF71F00427800C238A3 /* Stereoscope.app */;
			productType = "com.apple.product-type.application";
		};
/* End PBXNativeTarget section */

/* Begin PBXProject section */
		9A497DEF1F00427800C238A3 /* Project object */ = {
			isa = PBXProject;
			attributes = {
				LastSwiftUpdateCheck = 0900;
				LastUpgradeCheck = 0900;
				ORGANIZATIONNAME = "Lou Franco";
				TargetAttributes = {
					9A497DF61F00427800C238A3 = {
						CreatedOnToolsVersion = 9.0;
					};
				};
			};
			buildConfigurationList = 9A497DF21F00427800C238A3 /* Build configuration list for PBXProject "Stereoscope" */;
			compatibilityVersion = "Xcode 8.0";
			developmentRegion = en;
			hasScannedForEncodings = 0;
			knownRegions = (
				en,
				Base,
			);
			mainGroup = 9A497DEE1F00427800C238A3;
			productRefGroup = 9A497DF81F00427800C238A3 /* Products */;
			projectDirPath = "";
			projectRoot = "";
			targets = (
				9A497DF61F00427800C238A3 /* Stereoscope */,
			);
		};
/* End PBXProject section */

/* Begin PBXResourcesBuildPhase section */
		9A497DF51F00427800C238A3 /* Resources */ = {
			isa = PBXResourcesBuildPhase;
			buildActionMask = 2147483647;
			files = (
				9A497E051F00427800C238A3 /* LaunchScreen.storyboard in Resources */,
				9A497E021F00427800C238A3 /* Assets.xcassets in Resources */,
				9A497E001F00427800C238A3 /* Main.storyboard in Resources */,
			);
			runOnlyForDeploymentPostprocessing = 0;
		};
/* End PBXResourcesBuildPhase section */

/* Begin PBXSourcesBuildPhase section */
		9A497DF31F00427800C238A3 /* Sources */ = {
			isa = PBXSourcesBuildPhase;
			buildActionMask = 2147483647;
			files = (
				9A5A36E61F07D86200835181 /* Camera.swift in Sources */,
				9A497DFD1F00427800C238A3 /* MainViewController.swift in Sources */,
				9A74477F1F05D5DA00B9CE15 /* CombineChannelsFilter.swift in Sources */,
				9A497DFB1F00427800C238A3 /* AppDelegate.swift in Sources */,
			);
			runOnlyForDeploymentPostprocessing = 0;
		};
/* End PBXSourcesBuildPhase section */

/* Begin PBXVariantGroup section */
		9A497DFE1F00427800C238A3 /* Main.storyboard */ = {
			isa = PBXVariantGroup;
			children = (
				9A497DFF1F00427800C238A3 /* Base */,
			);
			name = Main.storyboard;
			sourceTree = "<group>";
		};
		9A497E031F00427800C238A3 /* LaunchScreen.storyboard */ = {
			isa = PBXVariantGroup;
			children = (
				9A497E041F00427800C238A3 /* Base */,
			);
			name = LaunchScreen.storyboard;
			sourceTree = "<group>";
		};
/* End PBXVariantGroup section */

/* Begin XCBuildConfiguration section */
		9A497E071F00427800C238A3 /* Debug */ = {
			isa = XCBuildConfiguration;
			buildSettings = {
				ALWAYS_SEARCH_USER_PATHS = NO;
				CLANG_ANALYZER_NONNULL = YES;
				CLANG_ANALYZER_NUMBER_OBJECT_CONVERSION = YES_AGGRESSIVE;
				CLANG_CXX_LANGUAGE_STANDARD = "gnu++14";
				CLANG_CXX_LIBRARY = "libc++";
				CLANG_ENABLE_MODULES = YES;
				CLANG_ENABLE_OBJC_ARC = YES;
				CLANG_WARN_BLOCK_CAPTURE_AUTORELEASING = YES;
				CLANG_WARN_BOOL_CONVERSION = YES;
				CLANG_WARN_COMMA = YES;
				CLANG_WARN_CONSTANT_CONVERSION = YES;
				CLANG_WARN_DIRECT_OBJC_ISA_USAGE = YES_ERROR;
				CLANG_WARN_DOCUMENTATION_COMMENTS = YES;
				CLANG_WARN_EMPTY_BODY = YES;
				CLANG_WARN_ENUM_CONVERSION = YES;
				CLANG_WARN_INFINITE_RECURSION = YES;
				CLANG_WARN_INT_CONVERSION = YES;
				CLANG_WARN_OBJC_ROOT_CLASS = YES_ERROR;
				CLANG_WARN_RANGE_LOOP_ANALYSIS = YES;
				CLANG_WARN_STRICT_PROTOTYPES = YES;
				CLANG_WARN_SUSPICIOUS_MOVE = YES;
				CLANG_WARN_UNGUARDED_AVAILABILITY = YES_AGGRESSIVE;
				CLANG_WARN_UNREACHABLE_CODE = YES;
				CLANG_WARN__DUPLICATE_METHOD_MATCH = YES;
				CODE_SIGN_IDENTITY = "iPhone Developer";
				COPY_PHASE_STRIP = NO;
				DEBUG_INFORMATION_FORMAT = dwarf;
				ENABLE_STRICT_OBJC_MSGSEND = YES;
				ENABLE_TESTABILITY = YES;
				GCC_C_LANGUAGE_STANDARD = gnu11;
				GCC_DYNAMIC_NO_PIC = NO;
				GCC_NO_COMMON_BLOCKS = YES;
				GCC_OPTIMIZATION_LEVEL = 0;
				GCC_PREPROCESSOR_DEFINITIONS = (
					"DEBUG=1",
					"$(inherited)",
				);
				GCC_WARN_64_TO_32_BIT_CONVERSION = YES;
				GCC_WARN_ABOUT_RETURN_TYPE = YES_ERROR;
				GCC_WARN_UNDECLARED_SELECTOR = YES;
				GCC_WARN_UNINITIALIZED_AUTOS = YES_AGGRESSIVE;
				GCC_WARN_UNUSED_FUNCTION = YES;
				GCC_WARN_UNUSED_VARIABLE = YES;
				IPHONEOS_DEPLOYMENT_TARGET = 10.0;
				MTL_ENABLE_DEBUG_INFO = YES;
				ONLY_ACTIVE_ARCH = YES;
				SDKROOT = iphoneos;
				SWIFT_ACTIVE_COMPILATION_CONDITIONS = DEBUG;
				SWIFT_OPTIMIZATION_LEVEL = "-Onone";
				SWIFT_VERSION = 3.0;
			};
			name = Debug;
		};
		9A497E081F00427800C238A3 /* Release */ = {
			isa = XCBuildConfiguration;
			buildSettings = {
				ALWAYS_SEARCH_USER_PATHS = NO;
				CLANG_ANALYZER_NONNULL = YES;
				CLANG_ANALYZER_NUMBER_OBJECT_CONVERSION = YES_AGGRESSIVE;
				CLANG_CXX_LANGUAGE_STANDARD = "gnu++14";
				CLANG_CXX_LIBRARY = "libc++";
				CLANG_ENABLE_MODULES = YES;
				CLANG_ENABLE_OBJC_ARC = YES;
				CLANG_WARN_BLOCK_CAPTURE_AUTORELEASING = YES;
				CLANG_WARN_BOOL_CONVERSION = YES;
				CLANG_WARN_COMMA = YES;
				CLANG_WARN_CONSTANT_CONVERSION = YES;
				CLANG_WARN_DIRECT_OBJC_ISA_USAGE = YES_ERROR;
				CLANG_WARN_DOCUMENTATION_COMMENTS = YES;
				CLANG_WARN_EMPTY_BODY = YES;
				CLANG_WARN_ENUM_CONVERSION = YES;
				CLANG_WARN_INFINITE_RECURSION = YES;
				CLANG_WARN_INT_CONVERSION = YES;
				CLANG_WARN_OBJC_ROOT_CLASS = YES_ERROR;
				CLANG_WARN_RANGE_LOOP_ANALYSIS = YES;
				CLANG_WARN_STRICT_PROTOTYPES = YES;
				CLANG_WARN_SUSPICIOUS_MOVE = YES;
				CLANG_WARN_UNGUARDED_AVAILABILITY = YES_AGGRESSIVE;
				CLANG_WARN_UNREACHABLE_CODE = YES;
				CLANG_WARN__DUPLICATE_METHOD_MATCH = YES;
				CODE_SIGN_IDENTITY = "iPhone Developer";
				COPY_PHASE_STRIP = NO;
				DEBUG_INFORMATION_FORMAT = "dwarf-with-dsym";
				ENABLE_NS_ASSERTIONS = NO;
				ENABLE_STRICT_OBJC_MSGSEND = YES;
				GCC_C_LANGUAGE_STANDARD = gnu11;
				GCC_NO_COMMON_BLOCKS = YES;
				GCC_WARN_64_TO_32_BIT_CONVERSION = YES;
				GCC_WARN_ABOUT_RETURN_TYPE = YES_ERROR;
				GCC_WARN_UNDECLARED_SELECTOR = YES;
				GCC_WARN_UNINITIALIZED_AUTOS = YES_AGGRESSIVE;
				GCC_WARN_UNUSED_FUNCTION = YES;
				GCC_WARN_UNUSED_VARIABLE = YES;
				IPHONEOS_DEPLOYMENT_TARGET = 10.0;
				MTL_ENABLE_DEBUG_INFO = NO;
				SDKROOT = iphoneos;
				SWIFT_OPTIMIZATION_LEVEL = "-Owholemodule";
				SWIFT_VERSION = 3.0;
				VALIDATE_PRODUCT = YES;
			};
			name = Release;
		};
		9A497E0A1F00427800C238A3 /* Debug */ = {
			isa = XCBuildConfiguration;
			buildSettings = {
				ASSETCATALOG_COMPILER_APPICON_NAME = AppIcon;
				DEVELOPMENT_TEAM = 85H8KB76TX;
				INFOPLIST_FILE = Stereoscope/Info.plist;
				IPHONEOS_DEPLOYMENT_TARGET = 9.3;
				LD_RUNPATH_SEARCH_PATHS = "$(inherited) @executable_path/Frameworks";
				PRODUCT_BUNDLE_IDENTIFIER = com.loufranco.Stereoscope;
				PRODUCT_NAME = "$(TARGET_NAME)";
				SWIFT_VERSION = 3.0;
				TARGETED_DEVICE_FAMILY = "1,2";
			};
			name = Debug;
		};
		9A497E0B1F00427800C238A3 /* Release */ = {
			isa = XCBuildConfiguration;
			buildSettings = {
				ASSETCATALOG_COMPILER_APPICON_NAME = AppIcon;
				DEVELOPMENT_TEAM = 85H8KB76TX;
				INFOPLIST_FILE = Stereoscope/Info.plist;
				IPHONEOS_DEPLOYMENT_TARGET = 9.3;
				LD_RUNPATH_SEARCH_PATHS = "$(inherited) @executable_path/Frameworks";
				PRODUCT_BUNDLE_IDENTIFIER = com.loufranco.Stereoscope;
				PRODUCT_NAME = "$(TARGET_NAME)";
				SWIFT_VERSION = 3.0;
				TARGETED_DEVICE_FAMILY = "1,2";
			};
			name = Release;
		};
/* End XCBuildConfiguration section */

/* Begin XCConfigurationList section */
		9A497DF21F00427800C238A3 /* Build configuration list for PBXProject "Stereoscope" */ = {
			isa = XCConfigurationList;
			buildConfigurations = (
				9A497E071F00427800C238A3 /* Debug */,
				9A497E081F00427800C238A3 /* Release */,
			);
			defaultConfigurationIsVisible = 0;
			defaultConfigurationName = Release;
		};
		9A497E091F00427800C238A3 /* Build configuration list for PBXNativeTarget "Stereoscope" */ = {
			isa = XCConfigurationList;
			buildConfigurations = (
				9A497E0A1F00427800C238A3 /* Debug */,
				9A497E0B1F00427800C238A3 /* Release */,
			);
			defaultConfigurationIsVisible = 0;
			defaultConfigurationName = Release;
		};
/* End XCConfigurationList section */
	};
	rootObject = 9A497DEF1F00427800C238A3 /* Project object */;
}
